// !$*UTF8*$!
{
	archiveVersion = 1;
	classes = {
	};
	objectVersion = 56;
	objects = {

/* Begin PBXBuildFile section */
		4EA2C867294275F500C61C3E /* BrocheApp.swift in Sources */ = {isa = PBXBuildFile; fileRef = 4EA2C866294275F500C61C3E /* BrocheApp.swift */; };
		4EA2C869294275F500C61C3E /* ContentView.swift in Sources */ = {isa = PBXBuildFile; fileRef = 4EA2C868294275F500C61C3E /* ContentView.swift */; };
		4EA2C86B294275F600C61C3E /* Assets.xcassets in Resources */ = {isa = PBXBuildFile; fileRef = 4EA2C86A294275F600C61C3E /* Assets.xcassets */; };
		4EA2C86E294275F600C61C3E /* Preview Assets.xcassets in Resources */ = {isa = PBXBuildFile; fileRef = 4EA2C86D294275F600C61C3E /* Preview Assets.xcassets */; };
		4EA2C878294275F700C61C3E /* BrocheTests.swift in Sources */ = {isa = PBXBuildFile; fileRef = 4EA2C877294275F700C61C3E /* BrocheTests.swift */; };
		4EA2C882294275F700C61C3E /* BrocheUITests.swift in Sources */ = {isa = PBXBuildFile; fileRef = 4EA2C881294275F700C61C3E /* BrocheUITests.swift */; };
		4EA2C884294275F700C61C3E /* BrocheUITestsLaunchTests.swift in Sources */ = {isa = PBXBuildFile; fileRef = 4EA2C883294275F700C61C3E /* BrocheUITestsLaunchTests.swift */; };
/* End PBXBuildFile section */

/* Begin PBXContainerItemProxy section */
		4EA2C874294275F700C61C3E /* PBXContainerItemProxy */ = {
			isa = PBXContainerItemProxy;
			containerPortal = 4EA2C85B294275F500C61C3E /* Project object */;
			proxyType = 1;
			remoteGlobalIDString = 4EA2C862294275F500C61C3E;
			remoteInfo = Broche;
		};
		4EA2C87E294275F700C61C3E /* PBXContainerItemProxy */ = {
			isa = PBXContainerItemProxy;
			containerPortal = 4EA2C85B294275F500C61C3E /* Project object */;
			proxyType = 1;
			remoteGlobalIDString = 4EA2C862294275F500C61C3E;
			remoteInfo = Broche;
		};
/* End PBXContainerItemProxy section */

/* Begin PBXFileReference section */
		4EA2C863294275F500C61C3E /* Broche.app */ = {isa = PBXFileReference; explicitFileType = wrapper.application; includeInIndex = 0; path = Broche.app; sourceTree = BUILT_PRODUCTS_DIR; };
		4EA2C866294275F500C61C3E /* BrocheApp.swift */ = {isa = PBXFileReference; lastKnownFileType = sourcecode.swift; path = BrocheApp.swift; sourceTree = "<group>"; };
		4EA2C868294275F500C61C3E /* ContentView.swift */ = {isa = PBXFileReference; lastKnownFileType = sourcecode.swift; path = ContentView.swift; sourceTree = "<group>"; };
		4EA2C86A294275F600C61C3E /* Assets.xcassets */ = {isa = PBXFileReference; lastKnownFileType = folder.assetcatalog; path = Assets.xcassets; sourceTree = "<group>"; };
		4EA2C86D294275F600C61C3E /* Preview Assets.xcassets */ = {isa = PBXFileReference; lastKnownFileType = folder.assetcatalog; path = "Preview Assets.xcassets"; sourceTree = "<group>"; };
		4EA2C873294275F700C61C3E /* BrocheTests.xctest */ = {isa = PBXFileReference; explicitFileType = wrapper.cfbundle; includeInIndex = 0; path = BrocheTests.xctest; sourceTree = BUILT_PRODUCTS_DIR; };
		4EA2C877294275F700C61C3E /* BrocheTests.swift */ = {isa = PBXFileReference; lastKnownFileType = sourcecode.swift; path = BrocheTests.swift; sourceTree = "<group>"; };
		4EA2C87D294275F700C61C3E /* BrocheUITests.xctest */ = {isa = PBXFileReference; explicitFileType = wrapper.cfbundle; includeInIndex = 0; path = BrocheUITests.xctest; sourceTree = BUILT_PRODUCTS_DIR; };
		4EA2C881294275F700C61C3E /* BrocheUITests.swift */ = {isa = PBXFileReference; lastKnownFileType = sourcecode.swift; path = BrocheUITests.swift; sourceTree = "<group>"; };
		4EA2C883294275F700C61C3E /* BrocheUITestsLaunchTests.swift */ = {isa = PBXFileReference; lastKnownFileType = sourcecode.swift; path = BrocheUITestsLaunchTests.swift; sourceTree = "<group>"; };
/* End PBXFileReference section */

/* Begin PBXFrameworksBuildPhase section */
		4EA2C860294275F500C61C3E /* Frameworks */ = {
			isa = PBXFrameworksBuildPhase;
			buildActionMask = 2147483647;
			files = (
			);
			runOnlyForDeploymentPostprocessing = 0;
		};
		4EA2C870294275F700C61C3E /* Frameworks */ = {
			isa = PBXFrameworksBuildPhase;
			buildActionMask = 2147483647;
			files = (
			);
			runOnlyForDeploymentPostprocessing = 0;
		};
		4EA2C87A294275F700C61C3E /* Frameworks */ = {
			isa = PBXFrameworksBuildPhase;
			buildActionMask = 2147483647;
			files = (
			);
			runOnlyForDeploymentPostprocessing = 0;
		};
/* End PBXFrameworksBuildPhase section */

/* Begin PBXGroup section */
		4EA2C85A294275F500C61C3E = {
			isa = PBXGroup;
			children = (
				4EA2C865294275F500C61C3E /* Broche */,
				4EA2C876294275F700C61C3E /* BrocheTests */,
				4EA2C880294275F700C61C3E /* BrocheUITests */,
				4EA2C864294275F500C61C3E /* Products */,
			);
			sourceTree = "<group>";
		};
		4EA2C864294275F500C61C3E /* Products */ = {
			isa = PBXGroup;
			children = (
				4EA2C863294275F500C61C3E /* Broche.app */,
				4EA2C873294275F700C61C3E /* BrocheTests.xctest */,
				4EA2C87D294275F700C61C3E /* BrocheUITests.xctest */,
			);
			name = Products;
			sourceTree = "<group>";
		};
		4EA2C865294275F500C61C3E /* Broche */ = {
			isa = PBXGroup;
			children = (
				4EA2C866294275F500C61C3E /* BrocheApp.swift */,
				4EA2C868294275F500C61C3E /* ContentView.swift */,
				4EA2C86A294275F600C61C3E /* Assets.xcassets */,
				4EA2C86C294275F600C61C3E /* Preview Content */,
			);
			path = Broche;
			sourceTree = "<group>";
		};
		4EA2C86C294275F600C61C3E /* Preview Content */ = {
			isa = PBXGroup;
			children = (
				4EA2C86D294275F600C61C3E /* Preview Assets.xcassets */,
			);
			path = "Preview Content";
			sourceTree = "<group>";
		};
		4EA2C876294275F700C61C3E /* BrocheTests */ = {
			isa = PBXGroup;
			children = (
				4EA2C877294275F700C61C3E /* BrocheTests.swift */,
			);
			path = BrocheTests;
			sourceTree = "<group>";
		};
		4EA2C880294275F700C61C3E /* BrocheUITests */ = {
			isa = PBXGroup;
			children = (
				4EA2C881294275F700C61C3E /* BrocheUITests.swift */,
				4EA2C883294275F700C61C3E /* BrocheUITestsLaunchTests.swift */,
			);
			path = BrocheUITests;
			sourceTree = "<group>";
		};
/* End PBXGroup section */

/* Begin PBXNativeTarget section */
		4EA2C862294275F500C61C3E /* Broche */ = {
			isa = PBXNativeTarget;
			buildConfigurationList = 4EA2C887294275F700C61C3E /* Build configuration list for PBXNativeTarget "Broche" */;
			buildPhases = (
				4EA2C85F294275F500C61C3E /* Sources */,
				4EA2C860294275F500C61C3E /* Frameworks */,
				4EA2C861294275F500C61C3E /* Resources */,
			);
			buildRules = (
			);
			dependencies = (
			);
			name = Broche;
			productName = Broche;
			productReference = 4EA2C863294275F500C61C3E /* Broche.app */;
			productType = "com.apple.product-type.application";
		};
		4EA2C872294275F700C61C3E /* BrocheTests */ = {
			isa = PBXNativeTarget;
			buildConfigurationList = 4EA2C88A294275F700C61C3E /* Build configuration list for PBXNativeTarget "BrocheTests" */;
			buildPhases = (
				4EA2C86F294275F700C61C3E /* Sources */,
				4EA2C870294275F700C61C3E /* Frameworks */,
				4EA2C871294275F700C61C3E /* Resources */,
			);
			buildRules = (
			);
			dependencies = (
				4EA2C875294275F700C61C3E /* PBXTargetDependency */,
			);
			name = BrocheTests;
			productName = BrocheTests;
			productReference = 4EA2C873294275F700C61C3E /* BrocheTests.xctest */;
			productType = "com.apple.product-type.bundle.unit-test";
		};
		4EA2C87C294275F700C61C3E /* BrocheUITests */ = {
			isa = PBXNativeTarget;
			buildConfigurationList = 4EA2C88D294275F700C61C3E /* Build configuration list for PBXNativeTarget "BrocheUITests" */;
			buildPhases = (
				4EA2C879294275F700C61C3E /* Sources */,
				4EA2C87A294275F700C61C3E /* Frameworks */,
				4EA2C87B294275F700C61C3E /* Resources */,
			);
			buildRules = (
			);
			dependencies = (
				4EA2C87F294275F700C61C3E /* PBXTargetDependency */,
			);
			name = BrocheUITests;
			productName = BrocheUITests;
			productReference = 4EA2C87D294275F700C61C3E /* BrocheUITests.xctest */;
			productType = "com.apple.product-type.bundle.ui-testing";
		};
/* End PBXNativeTarget section */

/* Begin PBXProject section */
		4EA2C85B294275F500C61C3E /* Project object */ = {
			isa = PBXProject;
			attributes = {
				BuildIndependentTargetsInParallel = 1;
				LastSwiftUpdateCheck = 1410;
				LastUpgradeCheck = 1410;
				TargetAttributes = {
					4EA2C862294275F500C61C3E = {
						CreatedOnToolsVersion = 14.1;
					};
					4EA2C872294275F700C61C3E = {
						CreatedOnToolsVersion = 14.1;
						TestTargetID = 4EA2C862294275F500C61C3E;
					};
					4EA2C87C294275F700C61C3E = {
						CreatedOnToolsVersion = 14.1;
						TestTargetID = 4EA2C862294275F500C61C3E;
					};
				};
			};
			buildConfigurationList = 4EA2C85E294275F500C61C3E /* Build configuration list for PBXProject "Broche" */;
			compatibilityVersion = "Xcode 14.0";
			developmentRegion = en;
			hasScannedForEncodings = 0;
			knownRegions = (
				en,
				Base,
			);
			mainGroup = 4EA2C85A294275F500C61C3E;
			productRefGroup = 4EA2C864294275F500C61C3E /* Products */;
			projectDirPath = "";
			projectRoot = "";
			targets = (
				4EA2C862294275F500C61C3E /* Broche */,
				4EA2C872294275F700C61C3E /* BrocheTests */,
				4EA2C87C294275F700C61C3E /* BrocheUITests */,
			);
		};
/* End PBXProject section */

/* Begin PBXResourcesBuildPhase section */
		4EA2C861294275F500C61C3E /* Resources */ = {
			isa = PBXResourcesBuildPhase;
			buildActionMask = 2147483647;
			files = (
				4EA2C86E294275F600C61C3E /* Preview Assets.xcassets in Resources */,
				4EA2C86B294275F600C61C3E /* Assets.xcassets in Resources */,
			);
			runOnlyForDeploymentPostprocessing = 0;
		};
		4EA2C871294275F700C61C3E /* Resources */ = {
			isa = PBXResourcesBuildPhase;
			buildActionMask = 2147483647;
			files = (
			);
			runOnlyForDeploymentPostprocessing = 0;
		};
		4EA2C87B294275F700C61C3E /* Resources */ = {
			isa = PBXResourcesBuildPhase;
			buildActionMask = 2147483647;
			files = (
			);
			runOnlyForDeploymentPostprocessing = 0;
		};
/* End PBXResourcesBuildPhase section */

/* Begin PBXSourcesBuildPhase section */
		4EA2C85F294275F500C61C3E /* Sources */ = {
			isa = PBXSourcesBuildPhase;
			buildActionMask = 2147483647;
			files = (
				4EA2C869294275F500C61C3E /* ContentView.swift in Sources */,
				4EA2C867294275F500C61C3E /* BrocheApp.swift in Sources */,
			);
			runOnlyForDeploymentPostprocessing = 0;
		};
		4EA2C86F294275F700C61C3E /* Sources */ = {
			isa = PBXSourcesBuildPhase;
			buildActionMask = 2147483647;
			files = (
				4EA2C878294275F700C61C3E /* BrocheTests.swift in Sources */,
			);
			runOnlyForDeploymentPostprocessing = 0;
		};
		4EA2C879294275F700C61C3E /* Sources */ = {
			isa = PBXSourcesBuildPhase;
			buildActionMask = 2147483647;
			files = (
				4EA2C882294275F700C61C3E /* BrocheUITests.swift in Sources */,
				4EA2C884294275F700C61C3E /* BrocheUITestsLaunchTests.swift in Sources */,
			);
			runOnlyForDeploymentPostprocessing = 0;
		};
/* End PBXSourcesBuildPhase section */

/* Begin PBXTargetDependency section */
		4EA2C875294275F700C61C3E /* PBXTargetDependency */ = {
			isa = PBXTargetDependency;
			target = 4EA2C862294275F500C61C3E /* Broche */;
			targetProxy = 4EA2C874294275F700C61C3E /* PBXContainerItemProxy */;
		};
		4EA2C87F294275F700C61C3E /* PBXTargetDependency */ = {
			isa = PBXTargetDependency;
			target = 4EA2C862294275F500C61C3E /* Broche */;
			targetProxy = 4EA2C87E294275F700C61C3E /* PBXContainerItemProxy */;
		};
/* End PBXTargetDependency section */

/* Begin XCBuildConfiguration section */
		4EA2C885294275F700C61C3E /* Debug */ = {
			isa = XCBuildConfiguration;
			buildSettings = {
				ALWAYS_SEARCH_USER_PATHS = NO;
				CLANG_ANALYZER_NONNULL = YES;
				CLANG_ANALYZER_NUMBER_OBJECT_CONVERSION = YES_AGGRESSIVE;
				CLANG_CXX_LANGUAGE_STANDARD = "gnu++20";
				CLANG_ENABLE_MODULES = YES;
				CLANG_ENABLE_OBJC_ARC = YES;
				CLANG_ENABLE_OBJC_WEAK = YES;
				CLANG_WARN_BLOCK_CAPTURE_AUTORELEASING = YES;
				CLANG_WARN_BOOL_CONVERSION = YES;
				CLANG_WARN_COMMA = YES;
				CLANG_WARN_CONSTANT_CONVERSION = YES;
				CLANG_WARN_DEPRECATED_OBJC_IMPLEMENTATIONS = YES;
				CLANG_WARN_DIRECT_OBJC_ISA_USAGE = YES_ERROR;
				CLANG_WARN_DOCUMENTATION_COMMENTS = YES;
				CLANG_WARN_EMPTY_BODY = YES;
				CLANG_WARN_ENUM_CONVERSION = YES;
				CLANG_WARN_INFINITE_RECURSION = YES;
				CLANG_WARN_INT_CONVERSION = YES;
				CLANG_WARN_NON_LITERAL_NULL_CONVERSION = YES;
				CLANG_WARN_OBJC_IMPLICIT_RETAIN_SELF = YES;
				CLANG_WARN_OBJC_LITERAL_CONVERSION = YES;
				CLANG_WARN_OBJC_ROOT_CLASS = YES_ERROR;
				CLANG_WARN_QUOTED_INCLUDE_IN_FRAMEWORK_HEADER = YES;
				CLANG_WARN_RANGE_LOOP_ANALYSIS = YES;
				CLANG_WARN_STRICT_PROTOTYPES = YES;
				CLANG_WARN_SUSPICIOUS_MOVE = YES;
				CLANG_WARN_UNGUARDED_AVAILABILITY = YES_AGGRESSIVE;
				CLANG_WARN_UNREACHABLE_CODE = YES;
				CLANG_WARN__DUPLICATE_METHOD_MATCH = YES;
				COPY_PHASE_STRIP = NO;
				DEBUG_INFORMATION_FORMAT = dwarf;
				ENABLE_STRICT_OBJC_MSGSEND = YES;
				ENABLE_TESTABILITY = YES;
				GCC_C_LANGUAGE_STANDARD = gnu11;
				GCC_DYNAMIC_NO_PIC = NO;
				GCC_NO_COMMON_BLOCKS = YES;
				GCC_OPTIMIZATION_LEVEL = 0;
				GCC_PREPROCESSOR_DEFINITIONS = (
					"DEBUG=1",
					"$(inherited)",
				);
				GCC_WARN_64_TO_32_BIT_CONVERSION = YES;
				GCC_WARN_ABOUT_RETURN_TYPE = YES_ERROR;
				GCC_WARN_UNDECLARED_SELECTOR = YES;
				GCC_WARN_UNINITIALIZED_AUTOS = YES_AGGRESSIVE;
				GCC_WARN_UNUSED_FUNCTION = YES;
				GCC_WARN_UNUSED_VARIABLE = YES;
				IPHONEOS_DEPLOYMENT_TARGET = 16.1;
				MTL_ENABLE_DEBUG_INFO = INCLUDE_SOURCE;
				MTL_FAST_MATH = YES;
				ONLY_ACTIVE_ARCH = YES;
				SDKROOT = iphoneos;
				SWIFT_ACTIVE_COMPILATION_CONDITIONS = DEBUG;
				SWIFT_OPTIMIZATION_LEVEL = "-Onone";
			};
			name = Debug;
		};
		4EA2C886294275F700C61C3E /* Release */ = {
			isa = XCBuildConfiguration;
			buildSettings = {
				ALWAYS_SEARCH_USER_PATHS = NO;
				CLANG_ANALYZER_NONNULL = YES;
				CLANG_ANALYZER_NUMBER_OBJECT_CONVERSION = YES_AGGRESSIVE;
				CLANG_CXX_LANGUAGE_STANDARD = "gnu++20";
				CLANG_ENABLE_MODULES = YES;
				CLANG_ENABLE_OBJC_ARC = YES;
				CLANG_ENABLE_OBJC_WEAK = YES;
				CLANG_WARN_BLOCK_CAPTURE_AUTORELEASING = YES;
				CLANG_WARN_BOOL_CONVERSION = YES;
				CLANG_WARN_COMMA = YES;
				CLANG_WARN_CONSTANT_CONVERSION = YES;
				CLANG_WARN_DEPRECATED_OBJC_IMPLEMENTATIONS = YES;
				CLANG_WARN_DIRECT_OBJC_ISA_USAGE = YES_ERROR;
				CLANG_WARN_DOCUMENTATION_COMMENTS = YES;
				CLANG_WARN_EMPTY_BODY = YES;
				CLANG_WARN_ENUM_CONVERSION = YES;
				CLANG_WARN_INFINITE_RECURSION = YES;
				CLANG_WARN_INT_CONVERSION = YES;
				CLANG_WARN_NON_LITERAL_NULL_CONVERSION = YES;
				CLANG_WARN_OBJC_IMPLICIT_RETAIN_SELF = YES;
				CLANG_WARN_OBJC_LITERAL_CONVERSION = YES;
				CLANG_WARN_OBJC_ROOT_CLASS = YES_ERROR;
				CLANG_WARN_QUOTED_INCLUDE_IN_FRAMEWORK_HEADER = YES;
				CLANG_WARN_RANGE_LOOP_ANALYSIS = YES;
				CLANG_WARN_STRICT_PROTOTYPES = YES;
				CLANG_WARN_SUSPICIOUS_MOVE = YES;
				CLANG_WARN_UNGUARDED_AVAILABILITY = YES_AGGRESSIVE;
				CLANG_WARN_UNREACHABLE_CODE = YES;
				CLANG_WARN__DUPLICATE_METHOD_MATCH = YES;
				COPY_PHASE_STRIP = NO;
				DEBUG_INFORMATION_FORMAT = "dwarf-with-dsym";
				ENABLE_NS_ASSERTIONS = NO;
				ENABLE_STRICT_OBJC_MSGSEND = YES;
				GCC_C_LANGUAGE_STANDARD = gnu11;
				GCC_NO_COMMON_BLOCKS = YES;
				GCC_WARN_64_TO_32_BIT_CONVERSION = YES;
				GCC_WARN_ABOUT_RETURN_TYPE = YES_ERROR;
				GCC_WARN_UNDECLARED_SELECTOR = YES;
				GCC_WARN_UNINITIALIZED_AUTOS = YES_AGGRESSIVE;
				GCC_WARN_UNUSED_FUNCTION = YES;
				GCC_WARN_UNUSED_VARIABLE = YES;
				IPHONEOS_DEPLOYMENT_TARGET = 16.1;
				MTL_ENABLE_DEBUG_INFO = NO;
				MTL_FAST_MATH = YES;
				SDKROOT = iphoneos;
				SWIFT_COMPILATION_MODE = wholemodule;
				SWIFT_OPTIMIZATION_LEVEL = "-O";
				VALIDATE_PRODUCT = YES;
			};
			name = Release;
		};
		4EA2C888294275F700C61C3E /* Debug */ = {
			isa = XCBuildConfiguration;
			buildSettings = {
				ASSETCATALOG_COMPILER_APPICON_NAME = AppIcon;
				ASSETCATALOG_COMPILER_GLOBAL_ACCENT_COLOR_NAME = AccentColor;
				CODE_SIGN_STYLE = Automatic;
				CURRENT_PROJECT_VERSION = 1;
				DEVELOPMENT_ASSET_PATHS = "\"Broche/Preview Content\"";
				ENABLE_PREVIEWS = YES;
				GENERATE_INFOPLIST_FILE = YES;
				INFOPLIST_KEY_UIApplicationSceneManifest_Generation = YES;
				INFOPLIST_KEY_UIApplicationSupportsIndirectInputEvents = YES;
				INFOPLIST_KEY_UILaunchScreen_Generation = YES;
				INFOPLIST_KEY_UISupportedInterfaceOrientations_iPad = "UIInterfaceOrientationPortrait UIInterfaceOrientationPortraitUpsideDown UIInterfaceOrientationLandscapeLeft UIInterfaceOrientationLandscapeRight";
				INFOPLIST_KEY_UISupportedInterfaceOrientations_iPhone = "UIInterfaceOrientationPortrait UIInterfaceOrientationLandscapeLeft UIInterfaceOrientationLandscapeRight";
				LD_RUNPATH_SEARCH_PATHS = (
					"$(inherited)",
					"@executable_path/Frameworks",
				);
				MARKETING_VERSION = 1.0;
				PRODUCT_BUNDLE_IDENTIFIER = travelbroche.com.Broche;
				PRODUCT_NAME = "$(TARGET_NAME)";
				SWIFT_EMIT_LOC_STRINGS = YES;
				SWIFT_VERSION = 5.0;
				TARGETED_DEVICE_FAMILY = "1,2";
			};
			name = Debug;
		};
		4EA2C889294275F700C61C3E /* Release */ = {
			isa = XCBuildConfiguration;
			buildSettings = {
				ASSETCATALOG_COMPILER_APPICON_NAME = AppIcon;
				ASSETCATALOG_COMPILER_GLOBAL_ACCENT_COLOR_NAME = AccentColor;
				CODE_SIGN_STYLE = Automatic;
				CURRENT_PROJECT_VERSION = 1;
				DEVELOPMENT_ASSET_PATHS = "\"Broche/Preview Content\"";
				ENABLE_PREVIEWS = YES;
				GENERATE_INFOPLIST_FILE = YES;
				INFOPLIST_KEY_UIApplicationSceneManifest_Generation = YES;
				INFOPLIST_KEY_UIApplicationSupportsIndirectInputEvents = YES;
				INFOPLIST_KEY_UILaunchScreen_Generation = YES;
				INFOPLIST_KEY_UISupportedInterfaceOrientations_iPad = "UIInterfaceOrientationPortrait UIInterfaceOrientationPortraitUpsideDown UIInterfaceOrientationLandscapeLeft UIInterfaceOrientationLandscapeRight";
				INFOPLIST_KEY_UISupportedInterfaceOrientations_iPhone = "UIInterfaceOrientationPortrait UIInterfaceOrientationLandscapeLeft UIInterfaceOrientationLandscapeRight";
				LD_RUNPATH_SEARCH_PATHS = (
					"$(inherited)",
					"@executable_path/Frameworks",
				);
				MARKETING_VERSION = 1.0;
				PRODUCT_BUNDLE_IDENTIFIER = travelbroche.com.Broche;
				PRODUCT_NAME = "$(TARGET_NAME)";
				SWIFT_EMIT_LOC_STRINGS = YES;
				SWIFT_VERSION = 5.0;
				TARGETED_DEVICE_FAMILY = "1,2";
			};
			name = Release;
		};
		4EA2C88B294275F700C61C3E /* Debug */ = {
			isa = XCBuildConfiguration;
			buildSettings = {
				ALWAYS_EMBED_SWIFT_STANDARD_LIBRARIES = YES;
				BUNDLE_LOADER = "$(TEST_HOST)";
				CODE_SIGN_STYLE = Automatic;
				CURRENT_PROJECT_VERSION = 1;
				GENERATE_INFOPLIST_FILE = YES;
				IPHONEOS_DEPLOYMENT_TARGET = 16.1;
				MARKETING_VERSION = 1.0;
				PRODUCT_BUNDLE_IDENTIFIER = travelbroche.com.BrocheTests;
				PRODUCT_NAME = "$(TARGET_NAME)";
				SWIFT_EMIT_LOC_STRINGS = NO;
				SWIFT_VERSION = 5.0;
				TARGETED_DEVICE_FAMILY = "1,2";
				TEST_HOST = "$(BUILT_PRODUCTS_DIR)/Broche.app/$(BUNDLE_EXECUTABLE_FOLDER_PATH)/Broche";
			};
			name = Debug;
		};
		4EA2C88C294275F700C61C3E /* Release */ = {
			isa = XCBuildConfiguration;
			buildSettings = {
				ALWAYS_EMBED_SWIFT_STANDARD_LIBRARIES = YES;
				BUNDLE_LOADER = "$(TEST_HOST)";
				CODE_SIGN_STYLE = Automatic;
				CURRENT_PROJECT_VERSION = 1;
				GENERATE_INFOPLIST_FILE = YES;
				IPHONEOS_DEPLOYMENT_TARGET = 16.1;
				MARKETING_VERSION = 1.0;
				PRODUCT_BUNDLE_IDENTIFIER = travelbroche.com.BrocheTests;
				PRODUCT_NAME = "$(TARGET_NAME)";
				SWIFT_EMIT_LOC_STRINGS = NO;
				SWIFT_VERSION = 5.0;
				TARGETED_DEVICE_FAMILY = "1,2";
				TEST_HOST = "$(BUILT_PRODUCTS_DIR)/Broche.app/$(BUNDLE_EXECUTABLE_FOLDER_PATH)/Broche";
			};
			name = Release;
		};
		4EA2C88E294275F700C61C3E /* Debug */ = {
			isa = XCBuildConfiguration;
			buildSettings = {
				ALWAYS_EMBED_SWIFT_STANDARD_LIBRARIES = YES;
				CODE_SIGN_STYLE = Automatic;
				CURRENT_PROJECT_VERSION = 1;
				GENERATE_INFOPLIST_FILE = YES;
				MARKETING_VERSION = 1.0;
				PRODUCT_BUNDLE_IDENTIFIER = travelbroche.com.BrocheUITests;
				PRODUCT_NAME = "$(TARGET_NAME)";
				SWIFT_EMIT_LOC_STRINGS = NO;
				SWIFT_VERSION = 5.0;
				TARGETED_DEVICE_FAMILY = "1,2";
				TEST_TARGET_NAME = Broche;
			};
			name = Debug;
		};
		4EA2C88F294275F700C61C3E /* Release */ = {
			isa = XCBuildConfiguration;
			buildSettings = {
				ALWAYS_EMBED_SWIFT_STANDARD_LIBRARIES = YES;
				CODE_SIGN_STYLE = Automatic;
				CURRENT_PROJECT_VERSION = 1;
				GENERATE_INFOPLIST_FILE = YES;
				MARKETING_VERSION = 1.0;
				PRODUCT_BUNDLE_IDENTIFIER = travelbroche.com.BrocheUITests;
				PRODUCT_NAME = "$(TARGET_NAME)";
				SWIFT_EMIT_LOC_STRINGS = NO;
				SWIFT_VERSION = 5.0;
				TARGETED_DEVICE_FAMILY = "1,2";
				TEST_TARGET_NAME = Broche;
			};
			name = Release;
		};
/* End XCBuildConfiguration section */

/* Begin XCConfigurationList section */
		4EA2C85E294275F500C61C3E /* Build configuration list for PBXProject "Broche" */ = {
			isa = XCConfigurationList;
			buildConfigurations = (
				4EA2C885294275F700C61C3E /* Debug */,
				4EA2C886294275F700C61C3E /* Release */,
			);
			defaultConfigurationIsVisible = 0;
			defaultConfigurationName = Release;
		};
		4EA2C887294275F700C61C3E /* Build configuration list for PBXNativeTarget "Broche" */ = {
			isa = XCConfigurationList;
			buildConfigurations = (
				4EA2C888294275F700C61C3E /* Debug */,
				4EA2C889294275F700C61C3E /* Release */,
			);
			defaultConfigurationIsVisible = 0;
			defaultConfigurationName = Release;
		};
		4EA2C88A294275F700C61C3E /* Build configuration list for PBXNativeTarget "BrocheTests" */ = {
			isa = XCConfigurationList;
			buildConfigurations = (
				4EA2C88B294275F700C61C3E /* Debug */,
				4EA2C88C294275F700C61C3E /* Release */,
			);
			defaultConfigurationIsVisible = 0;
			defaultConfigurationName = Release;
		};
		4EA2C88D294275F700C61C3E /* Build configuration list for PBXNativeTarget "BrocheUITests" */ = {
			isa = XCConfigurationList;
			buildConfigurations = (
				4EA2C88E294275F700C61C3E /* Debug */,
				4EA2C88F294275F700C61C3E /* Release */,
			);
			defaultConfigurationIsVisible = 0;
			defaultConfigurationName = Release;
		};
/* End XCConfigurationList section */
	};
	rootObject = 4EA2C85B294275F500C61C3E /* Project object */;
}
